// !$*UTF8*$!
{
	archiveVersion = 1;
	classes = {
	};
	objectVersion = 56;
	objects = {

/* Begin PBXBuildFile section */
		12C9034F2C9C380C003F113E /* AppDelegate.swift in Sources */ = {isa = PBXBuildFile; fileRef = 12C9034E2C9C380C003F113E /* AppDelegate.swift */; };
		12C903512C9C380C003F113E /* SceneDelegate.swift in Sources */ = {isa = PBXBuildFile; fileRef = 12C903502C9C380C003F113E /* SceneDelegate.swift */; };
		12C903582C9C380D003F113E /* Assets.xcassets in Resources */ = {isa = PBXBuildFile; fileRef = 12C903572C9C380D003F113E /* Assets.xcassets */; };
		12C9035B2C9C380D003F113E /* Base in Resources */ = {isa = PBXBuildFile; fileRef = 12C9035A2C9C380D003F113E /* Base */; };
		12C903642C9C38DA003F113E /* RxCocoa in Frameworks */ = {isa = PBXBuildFile; productRef = 12C903632C9C38DA003F113E /* RxCocoa */; };
		12C903662C9C38DA003F113E /* RxRelay in Frameworks */ = {isa = PBXBuildFile; productRef = 12C903652C9C38DA003F113E /* RxRelay */; };
		12C903682C9C38DA003F113E /* RxSwift in Frameworks */ = {isa = PBXBuildFile; productRef = 12C903672C9C38DA003F113E /* RxSwift */; };
		12C9036D2C9C38EC003F113E /* Alamofire in Frameworks */ = {isa = PBXBuildFile; productRef = 12C9036C2C9C38EC003F113E /* Alamofire */; };
		12C903702C9C38F7003F113E /* SnapKit in Frameworks */ = {isa = PBXBuildFile; productRef = 12C9036F2C9C38F7003F113E /* SnapKit */; };
		12C903732C9C3943003F113E /* Kingfisher in Frameworks */ = {isa = PBXBuildFile; productRef = 12C903722C9C3943003F113E /* Kingfisher */; };
		12C9037F2C9C3AF5003F113E /* InputOutputAttachable.swift in Sources */ = {isa = PBXBuildFile; fileRef = 12C9037E2C9C3AF5003F113E /* InputOutputAttachable.swift */; };
		12C903812C9C3B27003F113E /* ViewModelCoordinatable.swift in Sources */ = {isa = PBXBuildFile; fileRef = 12C903802C9C3B27003F113E /* ViewModelCoordinatable.swift */; };
		12C903832C9C3B90003F113E /* ViewModelType.swift in Sources */ = {isa = PBXBuildFile; fileRef = 12C903822C9C3B90003F113E /* ViewModelType.swift */; };
		12C9038A2C9C3D4A003F113E /* CoordinatorForwardable.swift in Sources */ = {isa = PBXBuildFile; fileRef = 12C903892C9C3D4A003F113E /* CoordinatorForwardable.swift */; };
		12C9038C2C9C3DB0003F113E /* CoordinatorTransitable.swift in Sources */ = {isa = PBXBuildFile; fileRef = 12C9038B2C9C3DB0003F113E /* CoordinatorTransitable.swift */; };
		12C903902C9C412D003F113E /* BaseCoordinator.swift in Sources */ = {isa = PBXBuildFile; fileRef = 12C9038F2C9C412D003F113E /* BaseCoordinator.swift */; };
		12C903922C9C41DD003F113E /* ReactiveCoordinator.swift in Sources */ = {isa = PBXBuildFile; fileRef = 12C903912C9C41DD003F113E /* ReactiveCoordinator.swift */; };
		12C903952C9C4348003F113E /* AppCoordinator.swift in Sources */ = {isa = PBXBuildFile; fileRef = 12C903942C9C4348003F113E /* AppCoordinator.swift */; };
		12C903992C9C4500003F113E /* SearchHomeCoordinator.swift in Sources */ = {isa = PBXBuildFile; fileRef = 12C903982C9C4500003F113E /* SearchHomeCoordinator.swift */; };
		12C9039C2C9C452D003F113E /* ViewModelBindable.swift in Sources */ = {isa = PBXBuildFile; fileRef = 12C9039B2C9C452D003F113E /* ViewModelBindable.swift */; };
		12C9039E2C9C45FF003F113E /* SearchHomeViewController.swift in Sources */ = {isa = PBXBuildFile; fileRef = 12C9039D2C9C45FF003F113E /* SearchHomeViewController.swift */; };
		12C903A02C9C4620003F113E /* SearchHomeViewModel.swift in Sources */ = {isa = PBXBuildFile; fileRef = 12C9039F2C9C4620003F113E /* SearchHomeViewModel.swift */; };
/* End PBXBuildFile section */

/* Begin PBXFileReference section */
		12C9034B2C9C380C003F113E /* Appstore.app */ = {isa = PBXFileReference; explicitFileType = wrapper.application; includeInIndex = 0; path = Appstore.app; sourceTree = BUILT_PRODUCTS_DIR; };
		12C9034E2C9C380C003F113E /* AppDelegate.swift */ = {isa = PBXFileReference; lastKnownFileType = sourcecode.swift; path = AppDelegate.swift; sourceTree = "<group>"; };
		12C903502C9C380C003F113E /* SceneDelegate.swift */ = {isa = PBXFileReference; lastKnownFileType = sourcecode.swift; path = SceneDelegate.swift; sourceTree = "<group>"; };
		12C903572C9C380D003F113E /* Assets.xcassets */ = {isa = PBXFileReference; lastKnownFileType = folder.assetcatalog; path = Assets.xcassets; sourceTree = "<group>"; };
		12C9035A2C9C380D003F113E /* Base */ = {isa = PBXFileReference; lastKnownFileType = file.storyboard; name = Base; path = Base.lproj/LaunchScreen.storyboard; sourceTree = "<group>"; };
		12C9035C2C9C380D003F113E /* Info.plist */ = {isa = PBXFileReference; lastKnownFileType = text.plist.xml; path = Info.plist; sourceTree = "<group>"; };
		12C9037E2C9C3AF5003F113E /* InputOutputAttachable.swift */ = {isa = PBXFileReference; lastKnownFileType = sourcecode.swift; path = InputOutputAttachable.swift; sourceTree = "<group>"; };
		12C903802C9C3B27003F113E /* ViewModelCoordinatable.swift */ = {isa = PBXFileReference; lastKnownFileType = sourcecode.swift; path = ViewModelCoordinatable.swift; sourceTree = "<group>"; };
		12C903822C9C3B90003F113E /* ViewModelType.swift */ = {isa = PBXFileReference; lastKnownFileType = sourcecode.swift; path = ViewModelType.swift; sourceTree = "<group>"; };
		12C903892C9C3D4A003F113E /* CoordinatorForwardable.swift */ = {isa = PBXFileReference; lastKnownFileType = sourcecode.swift; path = CoordinatorForwardable.swift; sourceTree = "<group>"; };
		12C9038B2C9C3DB0003F113E /* CoordinatorTransitable.swift */ = {isa = PBXFileReference; lastKnownFileType = sourcecode.swift; path = CoordinatorTransitable.swift; sourceTree = "<group>"; };
		12C9038F2C9C412D003F113E /* BaseCoordinator.swift */ = {isa = PBXFileReference; lastKnownFileType = sourcecode.swift; path = BaseCoordinator.swift; sourceTree = "<group>"; };
		12C903912C9C41DD003F113E /* ReactiveCoordinator.swift */ = {isa = PBXFileReference; lastKnownFileType = sourcecode.swift; path = ReactiveCoordinator.swift; sourceTree = "<group>"; };
		12C903942C9C4348003F113E /* AppCoordinator.swift */ = {isa = PBXFileReference; lastKnownFileType = sourcecode.swift; path = AppCoordinator.swift; sourceTree = "<group>"; };
		12C903982C9C4500003F113E /* SearchHomeCoordinator.swift */ = {isa = PBXFileReference; lastKnownFileType = sourcecode.swift; path = SearchHomeCoordinator.swift; sourceTree = "<group>"; };
		12C9039B2C9C452D003F113E /* ViewModelBindable.swift */ = {isa = PBXFileReference; lastKnownFileType = sourcecode.swift; path = ViewModelBindable.swift; sourceTree = "<group>"; };
		12C9039D2C9C45FF003F113E /* SearchHomeViewController.swift */ = {isa = PBXFileReference; lastKnownFileType = sourcecode.swift; path = SearchHomeViewController.swift; sourceTree = "<group>"; };
		12C9039F2C9C4620003F113E /* SearchHomeViewModel.swift */ = {isa = PBXFileReference; lastKnownFileType = sourcecode.swift; path = SearchHomeViewModel.swift; sourceTree = "<group>"; };
/* End PBXFileReference section */

/* Begin PBXFrameworksBuildPhase section */
		12C903482C9C380C003F113E /* Frameworks */ = {
			isa = PBXFrameworksBuildPhase;
			buildActionMask = 2147483647;
			files = (
				12C9036D2C9C38EC003F113E /* Alamofire in Frameworks */,
				12C903732C9C3943003F113E /* Kingfisher in Frameworks */,
				12C903682C9C38DA003F113E /* RxSwift in Frameworks */,
				12C903702C9C38F7003F113E /* SnapKit in Frameworks */,
				12C903662C9C38DA003F113E /* RxRelay in Frameworks */,
				12C903642C9C38DA003F113E /* RxCocoa in Frameworks */,
			);
			runOnlyForDeploymentPostprocessing = 0;
		};
/* End PBXFrameworksBuildPhase section */

/* Begin PBXGroup section */
		12C903422C9C380C003F113E = {
			isa = PBXGroup;
			children = (
				12C9034D2C9C380C003F113E /* Appstore */,
				12C9034C2C9C380C003F113E /* Products */,
			);
			sourceTree = "<group>";
		};
		12C9034C2C9C380C003F113E /* Products */ = {
			isa = PBXGroup;
			children = (
				12C9034B2C9C380C003F113E /* Appstore.app */,
			);
			name = Products;
			sourceTree = "<group>";
		};
		12C9034D2C9C380C003F113E /* Appstore */ = {
			isa = PBXGroup;
			children = (
				12C903762C9C3A92003F113E /* Model */,
				12C903742C9C3A8A003F113E /* ViewModel */,
				12C903752C9C3A8F003F113E /* ViewController */,
				12C903872C9C3D1A003F113E /* Coordinator */,
				12C9034E2C9C380C003F113E /* AppDelegate.swift */,
				12C903502C9C380C003F113E /* SceneDelegate.swift */,
				12C903572C9C380D003F113E /* Assets.xcassets */,
				12C903592C9C380D003F113E /* LaunchScreen.storyboard */,
				12C9035C2C9C380D003F113E /* Info.plist */,
			);
			path = Appstore;
			sourceTree = "<group>";
		};
		12C903742C9C3A8A003F113E /* ViewModel */ = {
			isa = PBXGroup;
			children = (
				12C903772C9C3AA3003F113E /* Protocol */,
				12C9039F2C9C4620003F113E /* SearchHomeViewModel.swift */,
			);
			path = ViewModel;
			sourceTree = "<group>";
		};
		12C903752C9C3A8F003F113E /* ViewController */ = {
			isa = PBXGroup;
			children = (
				12C9039A2C9C4520003F113E /* Protocol */,
				12C9039D2C9C45FF003F113E /* SearchHomeViewController.swift */,
			);
			path = ViewController;
			sourceTree = "<group>";
		};
		12C903762C9C3A92003F113E /* Model */ = {
			isa = PBXGroup;
			children = (
			);
			path = Model;
			sourceTree = "<group>";
		};
		12C903772C9C3AA3003F113E /* Protocol */ = {
			isa = PBXGroup;
			children = (
				12C903822C9C3B90003F113E /* ViewModelType.swift */,
				12C9037E2C9C3AF5003F113E /* InputOutputAttachable.swift */,
				12C903802C9C3B27003F113E /* ViewModelCoordinatable.swift */,
			);
			path = Protocol;
			sourceTree = "<group>";
		};
		12C903872C9C3D1A003F113E /* Coordinator */ = {
			isa = PBXGroup;
			children = (
				12C903882C9C3D39003F113E /* Protocol */,
				12C9038F2C9C412D003F113E /* BaseCoordinator.swift */,
				12C903912C9C41DD003F113E /* ReactiveCoordinator.swift */,
				12C903942C9C4348003F113E /* AppCoordinator.swift */,
				12C903982C9C4500003F113E /* SearchHomeCoordinator.swift */,
			);
			path = Coordinator;
			sourceTree = "<group>";
		};
		12C903882C9C3D39003F113E /* Protocol */ = {
			isa = PBXGroup;
			children = (
				12C903892C9C3D4A003F113E /* CoordinatorForwardable.swift */,
				12C9038B2C9C3DB0003F113E /* CoordinatorTransitable.swift */,
			);
			path = Protocol;
			sourceTree = "<group>";
		};
		12C9039A2C9C4520003F113E /* Protocol */ = {
			isa = PBXGroup;
			children = (
				12C9039B2C9C452D003F113E /* ViewModelBindable.swift */,
			);
			path = Protocol;
			sourceTree = "<group>";
		};
/* End PBXGroup section */

/* Begin PBXNativeTarget section */
		12C9034A2C9C380C003F113E /* Appstore */ = {
			isa = PBXNativeTarget;
			buildConfigurationList = 12C9035F2C9C380D003F113E /* Build configuration list for PBXNativeTarget "Appstore" */;
			buildPhases = (
				12C903472C9C380C003F113E /* Sources */,
				12C903482C9C380C003F113E /* Frameworks */,
				12C903492C9C380C003F113E /* Resources */,
			);
			buildRules = (
			);
			dependencies = (
			);
			name = Appstore;
			packageProductDependencies = (
				12C903632C9C38DA003F113E /* RxCocoa */,
				12C903652C9C38DA003F113E /* RxRelay */,
				12C903672C9C38DA003F113E /* RxSwift */,
				12C9036C2C9C38EC003F113E /* Alamofire */,
				12C9036F2C9C38F7003F113E /* SnapKit */,
				12C903722C9C3943003F113E /* Kingfisher */,
			);
			productName = Appstore;
			productReference = 12C9034B2C9C380C003F113E /* Appstore.app */;
			productType = "com.apple.product-type.application";
		};
/* End PBXNativeTarget section */

/* Begin PBXProject section */
		12C903432C9C380C003F113E /* Project object */ = {
			isa = PBXProject;
			attributes = {
				BuildIndependentTargetsInParallel = 1;
				LastSwiftUpdateCheck = 1540;
				LastUpgradeCheck = 1540;
				TargetAttributes = {
					12C9034A2C9C380C003F113E = {
						CreatedOnToolsVersion = 15.4;
					};
				};
			};
			buildConfigurationList = 12C903462C9C380C003F113E /* Build configuration list for PBXProject "Appstore" */;
			compatibilityVersion = "Xcode 14.0";
			developmentRegion = en;
			hasScannedForEncodings = 0;
			knownRegions = (
				en,
				Base,
			);
			mainGroup = 12C903422C9C380C003F113E;
			packageReferences = (
				12C903622C9C38DA003F113E /* XCRemoteSwiftPackageReference "RxSwift" */,
				12C9036B2C9C38EC003F113E /* XCRemoteSwiftPackageReference "Alamofire" */,
				12C9036E2C9C38F7003F113E /* XCRemoteSwiftPackageReference "SnapKit" */,
				12C903712C9C3943003F113E /* XCRemoteSwiftPackageReference "Kingfisher" */,
			);
			productRefGroup = 12C9034C2C9C380C003F113E /* Products */;
			projectDirPath = "";
			projectRoot = "";
			targets = (
				12C9034A2C9C380C003F113E /* Appstore */,
			);
		};
/* End PBXProject section */

/* Begin PBXResourcesBuildPhase section */
		12C903492C9C380C003F113E /* Resources */ = {
			isa = PBXResourcesBuildPhase;
			buildActionMask = 2147483647;
			files = (
				12C903582C9C380D003F113E /* Assets.xcassets in Resources */,
				12C9035B2C9C380D003F113E /* Base in Resources */,
			);
			runOnlyForDeploymentPostprocessing = 0;
		};
/* End PBXResourcesBuildPhase section */

/* Begin PBXSourcesBuildPhase section */
		12C903472C9C380C003F113E /* Sources */ = {
			isa = PBXSourcesBuildPhase;
			buildActionMask = 2147483647;
			files = (
				12C903952C9C4348003F113E /* AppCoordinator.swift in Sources */,
				12C9037F2C9C3AF5003F113E /* InputOutputAttachable.swift in Sources */,
				12C903922C9C41DD003F113E /* ReactiveCoordinator.swift in Sources */,
				12C9039E2C9C45FF003F113E /* SearchHomeViewController.swift in Sources */,
				12C903902C9C412D003F113E /* BaseCoordinator.swift in Sources */,
				12C9038A2C9C3D4A003F113E /* CoordinatorForwardable.swift in Sources */,
				12C903832C9C3B90003F113E /* ViewModelType.swift in Sources */,
				12C9038C2C9C3DB0003F113E /* CoordinatorTransitable.swift in Sources */,
				12C9034F2C9C380C003F113E /* AppDelegate.swift in Sources */,
				12C903992C9C4500003F113E /* SearchHomeCoordinator.swift in Sources */,
				12C903A02C9C4620003F113E /* SearchHomeViewModel.swift in Sources */,
				12C903812C9C3B27003F113E /* ViewModelCoordinatable.swift in Sources */,
				12C903512C9C380C003F113E /* SceneDelegate.swift in Sources */,
				12C9039C2C9C452D003F113E /* ViewModelBindable.swift in Sources */,
			);
			runOnlyForDeploymentPostprocessing = 0;
		};
/* End PBXSourcesBuildPhase section */

/* Begin PBXVariantGroup section */
		12C903592C9C380D003F113E /* LaunchScreen.storyboard */ = {
			isa = PBXVariantGroup;
			children = (
				12C9035A2C9C380D003F113E /* Base */,
			);
			name = LaunchScreen.storyboard;
			sourceTree = "<group>";
		};
/* End PBXVariantGroup section */

/* Begin XCBuildConfiguration section */
		12C9035D2C9C380D003F113E /* Debug */ = {
			isa = XCBuildConfiguration;
			buildSettings = {
				ALWAYS_SEARCH_USER_PATHS = NO;
				ASSETCATALOG_COMPILER_GENERATE_SWIFT_ASSET_SYMBOL_EXTENSIONS = YES;
				CLANG_ANALYZER_NONNULL = YES;
				CLANG_ANALYZER_NUMBER_OBJECT_CONVERSION = YES_AGGRESSIVE;
				CLANG_CXX_LANGUAGE_STANDARD = "gnu++20";
				CLANG_ENABLE_MODULES = YES;
				CLANG_ENABLE_OBJC_ARC = YES;
				CLANG_ENABLE_OBJC_WEAK = YES;
				CLANG_WARN_BLOCK_CAPTURE_AUTORELEASING = YES;
				CLANG_WARN_BOOL_CONVERSION = YES;
				CLANG_WARN_COMMA = YES;
				CLANG_WARN_CONSTANT_CONVERSION = YES;
				CLANG_WARN_DEPRECATED_OBJC_IMPLEMENTATIONS = YES;
				CLANG_WARN_DIRECT_OBJC_ISA_USAGE = YES_ERROR;
				CLANG_WARN_DOCUMENTATION_COMMENTS = YES;
				CLANG_WARN_EMPTY_BODY = YES;
				CLANG_WARN_ENUM_CONVERSION = YES;
				CLANG_WARN_INFINITE_RECURSION = YES;
				CLANG_WARN_INT_CONVERSION = YES;
				CLANG_WARN_NON_LITERAL_NULL_CONVERSION = YES;
				CLANG_WARN_OBJC_IMPLICIT_RETAIN_SELF = YES;
				CLANG_WARN_OBJC_LITERAL_CONVERSION = YES;
				CLANG_WARN_OBJC_ROOT_CLASS = YES_ERROR;
				CLANG_WARN_QUOTED_INCLUDE_IN_FRAMEWORK_HEADER = YES;
				CLANG_WARN_RANGE_LOOP_ANALYSIS = YES;
				CLANG_WARN_STRICT_PROTOTYPES = YES;
				CLANG_WARN_SUSPICIOUS_MOVE = YES;
				CLANG_WARN_UNGUARDED_AVAILABILITY = YES_AGGRESSIVE;
				CLANG_WARN_UNREACHABLE_CODE = YES;
				CLANG_WARN__DUPLICATE_METHOD_MATCH = YES;
				COPY_PHASE_STRIP = NO;
				DEBUG_INFORMATION_FORMAT = dwarf;
				ENABLE_STRICT_OBJC_MSGSEND = YES;
				ENABLE_TESTABILITY = YES;
				ENABLE_USER_SCRIPT_SANDBOXING = YES;
				GCC_C_LANGUAGE_STANDARD = gnu17;
				GCC_DYNAMIC_NO_PIC = NO;
				GCC_NO_COMMON_BLOCKS = YES;
				GCC_OPTIMIZATION_LEVEL = 0;
				GCC_PREPROCESSOR_DEFINITIONS = (
					"DEBUG=1",
					"$(inherited)",
				);
				GCC_WARN_64_TO_32_BIT_CONVERSION = YES;
				GCC_WARN_ABOUT_RETURN_TYPE = YES_ERROR;
				GCC_WARN_UNDECLARED_SELECTOR = YES;
				GCC_WARN_UNINITIALIZED_AUTOS = YES_AGGRESSIVE;
				GCC_WARN_UNUSED_FUNCTION = YES;
				GCC_WARN_UNUSED_VARIABLE = YES;
				IPHONEOS_DEPLOYMENT_TARGET = 15.0;
				LOCALIZATION_PREFERS_STRING_CATALOGS = YES;
				MTL_ENABLE_DEBUG_INFO = INCLUDE_SOURCE;
				MTL_FAST_MATH = YES;
				ONLY_ACTIVE_ARCH = YES;
				SDKROOT = iphoneos;
				SWIFT_ACTIVE_COMPILATION_CONDITIONS = "DEBUG $(inherited)";
				SWIFT_OPTIMIZATION_LEVEL = "-Onone";
			};
			name = Debug;
		};
		12C9035E2C9C380D003F113E /* Release */ = {
			isa = XCBuildConfiguration;
			buildSettings = {
				ALWAYS_SEARCH_USER_PATHS = NO;
				ASSETCATALOG_COMPILER_GENERATE_SWIFT_ASSET_SYMBOL_EXTENSIONS = YES;
				CLANG_ANALYZER_NONNULL = YES;
				CLANG_ANALYZER_NUMBER_OBJECT_CONVERSION = YES_AGGRESSIVE;
				CLANG_CXX_LANGUAGE_STANDARD = "gnu++20";
				CLANG_ENABLE_MODULES = YES;
				CLANG_ENABLE_OBJC_ARC = YES;
				CLANG_ENABLE_OBJC_WEAK = YES;
				CLANG_WARN_BLOCK_CAPTURE_AUTORELEASING = YES;
				CLANG_WARN_BOOL_CONVERSION = YES;
				CLANG_WARN_COMMA = YES;
				CLANG_WARN_CONSTANT_CONVERSION = YES;
				CLANG_WARN_DEPRECATED_OBJC_IMPLEMENTATIONS = YES;
				CLANG_WARN_DIRECT_OBJC_ISA_USAGE = YES_ERROR;
				CLANG_WARN_DOCUMENTATION_COMMENTS = YES;
				CLANG_WARN_EMPTY_BODY = YES;
				CLANG_WARN_ENUM_CONVERSION = YES;
				CLANG_WARN_INFINITE_RECURSION = YES;
				CLANG_WARN_INT_CONVERSION = YES;
				CLANG_WARN_NON_LITERAL_NULL_CONVERSION = YES;
				CLANG_WARN_OBJC_IMPLICIT_RETAIN_SELF = YES;
				CLANG_WARN_OBJC_LITERAL_CONVERSION = YES;
				CLANG_WARN_OBJC_ROOT_CLASS = YES_ERROR;
				CLANG_WARN_QUOTED_INCLUDE_IN_FRAMEWORK_HEADER = YES;
				CLANG_WARN_RANGE_LOOP_ANALYSIS = YES;
				CLANG_WARN_STRICT_PROTOTYPES = YES;
				CLANG_WARN_SUSPICIOUS_MOVE = YES;
				CLANG_WARN_UNGUARDED_AVAILABILITY = YES_AGGRESSIVE;
				CLANG_WARN_UNREACHABLE_CODE = YES;
				CLANG_WARN__DUPLICATE_METHOD_MATCH = YES;
				COPY_PHASE_STRIP = NO;
				DEBUG_INFORMATION_FORMAT = "dwarf-with-dsym";
				ENABLE_NS_ASSERTIONS = NO;
				ENABLE_STRICT_OBJC_MSGSEND = YES;
				ENABLE_USER_SCRIPT_SANDBOXING = YES;
				GCC_C_LANGUAGE_STANDARD = gnu17;
				GCC_NO_COMMON_BLOCKS = YES;
				GCC_WARN_64_TO_32_BIT_CONVERSION = YES;
				GCC_WARN_ABOUT_RETURN_TYPE = YES_ERROR;
				GCC_WARN_UNDECLARED_SELECTOR = YES;
				GCC_WARN_UNINITIALIZED_AUTOS = YES_AGGRESSIVE;
				GCC_WARN_UNUSED_FUNCTION = YES;
				GCC_WARN_UNUSED_VARIABLE = YES;
				IPHONEOS_DEPLOYMENT_TARGET = 15.0;
				LOCALIZATION_PREFERS_STRING_CATALOGS = YES;
				MTL_ENABLE_DEBUG_INFO = NO;
				MTL_FAST_MATH = YES;
				SDKROOT = iphoneos;
				SWIFT_COMPILATION_MODE = wholemodule;
				VALIDATE_PRODUCT = YES;
			};
			name = Release;
		};
		12C903602C9C380D003F113E /* Debug */ = {
			isa = XCBuildConfiguration;
			buildSettings = {
				ASSETCATALOG_COMPILER_APPICON_NAME = AppIcon;
				ASSETCATALOG_COMPILER_GLOBAL_ACCENT_COLOR_NAME = AccentColor;
				CODE_SIGN_STYLE = Automatic;
				CURRENT_PROJECT_VERSION = 1;
				DEVELOPMENT_TEAM = 23JY2CM997;
				GENERATE_INFOPLIST_FILE = YES;
				INFOPLIST_FILE = Appstore/Info.plist;
				INFOPLIST_KEY_UIApplicationSupportsIndirectInputEvents = YES;
				INFOPLIST_KEY_UILaunchStoryboardName = LaunchScreen;
				INFOPLIST_KEY_UISupportedInterfaceOrientations_iPad = "UIInterfaceOrientationPortrait UIInterfaceOrientationPortraitUpsideDown UIInterfaceOrientationLandscapeLeft UIInterfaceOrientationLandscapeRight";
				INFOPLIST_KEY_UISupportedInterfaceOrientations_iPhone = "UIInterfaceOrientationPortrait UIInterfaceOrientationLandscapeLeft UIInterfaceOrientationLandscapeRight";
				LD_RUNPATH_SEARCH_PATHS = (
					"$(inherited)",
					"@executable_path/Frameworks",
				);
				MARKETING_VERSION = 1.0;
				PRODUCT_BUNDLE_IDENTIFIER = com.junho.Appstore;
				PRODUCT_NAME = "$(TARGET_NAME)";
				SUPPORTED_PLATFORMS = "iphoneos iphonesimulator";
				SUPPORTS_MACCATALYST = NO;
				SUPPORTS_MAC_DESIGNED_FOR_IPHONE_IPAD = NO;
				SUPPORTS_XR_DESIGNED_FOR_IPHONE_IPAD = NO;
				SWIFT_EMIT_LOC_STRINGS = YES;
				SWIFT_VERSION = 5.0;
				TARGETED_DEVICE_FAMILY = 1;
			};
			name = Debug;
		};
		12C903612C9C380D003F113E /* Release */ = {
			isa = XCBuildConfiguration;
			buildSettings = {
				ASSETCATALOG_COMPILER_APPICON_NAME = AppIcon;
				ASSETCATALOG_COMPILER_GLOBAL_ACCENT_COLOR_NAME = AccentColor;
				CODE_SIGN_STYLE = Automatic;
				CURRENT_PROJECT_VERSION = 1;
				DEVELOPMENT_TEAM = 23JY2CM997;
				GENERATE_INFOPLIST_FILE = YES;
				INFOPLIST_FILE = Appstore/Info.plist;
				INFOPLIST_KEY_UIApplicationSupportsIndirectInputEvents = YES;
				INFOPLIST_KEY_UILaunchStoryboardName = LaunchScreen;
				INFOPLIST_KEY_UISupportedInterfaceOrientations_iPad = "UIInterfaceOrientationPortrait UIInterfaceOrientationPortraitUpsideDown UIInterfaceOrientationLandscapeLeft UIInterfaceOrientationLandscapeRight";
				INFOPLIST_KEY_UISupportedInterfaceOrientations_iPhone = "UIInterfaceOrientationPortrait UIInterfaceOrientationLandscapeLeft UIInterfaceOrientationLandscapeRight";
				LD_RUNPATH_SEARCH_PATHS = (
					"$(inherited)",
					"@executable_path/Frameworks",
				);
				MARKETING_VERSION = 1.0;
				PRODUCT_BUNDLE_IDENTIFIER = com.junho.Appstore;
				PRODUCT_NAME = "$(TARGET_NAME)";
				SUPPORTED_PLATFORMS = "iphoneos iphonesimulator";
				SUPPORTS_MACCATALYST = NO;
				SUPPORTS_MAC_DESIGNED_FOR_IPHONE_IPAD = NO;
				SUPPORTS_XR_DESIGNED_FOR_IPHONE_IPAD = NO;
				SWIFT_EMIT_LOC_STRINGS = YES;
				SWIFT_VERSION = 5.0;
				TARGETED_DEVICE_FAMILY = 1;
			};
			name = Release;
		};
/* End XCBuildConfiguration section */

/* Begin XCConfigurationList section */
		12C903462C9C380C003F113E /* Build configuration list for PBXProject "Appstore" */ = {
			isa = XCConfigurationList;
			buildConfigurations = (
				12C9035D2C9C380D003F113E /* Debug */,
				12C9035E2C9C380D003F113E /* Release */,
			);
			defaultConfigurationIsVisible = 0;
			defaultConfigurationName = Release;
		};
		12C9035F2C9C380D003F113E /* Build configuration list for PBXNativeTarget "Appstore" */ = {
			isa = XCConfigurationList;
			buildConfigurations = (
				12C903602C9C380D003F113E /* Debug */,
				12C903612C9C380D003F113E /* Release */,
			);
			defaultConfigurationIsVisible = 0;
			defaultConfigurationName = Release;
		};
/* End XCConfigurationList section */

/* Begin XCRemoteSwiftPackageReference section */
		12C903622C9C38DA003F113E /* XCRemoteSwiftPackageReference "RxSwift" */ = {
			isa = XCRemoteSwiftPackageReference;
			repositoryURL = "https://github.com/ReactiveX/RxSwift";
			requirement = {
				kind = upToNextMajorVersion;
				minimumVersion = 6.7.1;
			};
		};
		12C9036B2C9C38EC003F113E /* XCRemoteSwiftPackageReference "Alamofire" */ = {
			isa = XCRemoteSwiftPackageReference;
			repositoryURL = "https://github.com/Alamofire/Alamofire.git";
			requirement = {
				kind = upToNextMajorVersion;
				minimumVersion = 5.9.1;
			};
		};
		12C9036E2C9C38F7003F113E /* XCRemoteSwiftPackageReference "SnapKit" */ = {
			isa = XCRemoteSwiftPackageReference;
			repositoryURL = "https://github.com/SnapKit/SnapKit";
			requirement = {
				kind = upToNextMajorVersion;
				minimumVersion = 5.7.1;
			};
		};
		12C903712C9C3943003F113E /* XCRemoteSwiftPackageReference "Kingfisher" */ = {
			isa = XCRemoteSwiftPackageReference;
			repositoryURL = "https://github.com/onevcat/Kingfisher.git";
			requirement = {
				kind = upToNextMajorVersion;
				minimumVersion = 8.0.1;
			};
		};
/* End XCRemoteSwiftPackageReference section */

/* Begin XCSwiftPackageProductDependency section */
		12C903632C9C38DA003F113E /* RxCocoa */ = {
			isa = XCSwiftPackageProductDependency;
			package = 12C903622C9C38DA003F113E /* XCRemoteSwiftPackageReference "RxSwift" */;
			productName = RxCocoa;
		};
		12C903652C9C38DA003F113E /* RxRelay */ = {
			isa = XCSwiftPackageProductDependency;
			package = 12C903622C9C38DA003F113E /* XCRemoteSwiftPackageReference "RxSwift" */;
			productName = RxRelay;
		};
		12C903672C9C38DA003F113E /* RxSwift */ = {
			isa = XCSwiftPackageProductDependency;
			package = 12C903622C9C38DA003F113E /* XCRemoteSwiftPackageReference "RxSwift" */;
			productName = RxSwift;
		};
		12C9036C2C9C38EC003F113E /* Alamofire */ = {
			isa = XCSwiftPackageProductDependency;
			package = 12C9036B2C9C38EC003F113E /* XCRemoteSwiftPackageReference "Alamofire" */;
			productName = Alamofire;
		};
		12C9036F2C9C38F7003F113E /* SnapKit */ = {
			isa = XCSwiftPackageProductDependency;
			package = 12C9036E2C9C38F7003F113E /* XCRemoteSwiftPackageReference "SnapKit" */;
			productName = SnapKit;
		};
		12C903722C9C3943003F113E /* Kingfisher */ = {
			isa = XCSwiftPackageProductDependency;
			package = 12C903712C9C3943003F113E /* XCRemoteSwiftPackageReference "Kingfisher" */;
			productName = Kingfisher;
		};
/* End XCSwiftPackageProductDependency section */
	};
	rootObject = 12C903432C9C380C003F113E /* Project object */;
}
